Microsoft Visual Studio Solution File, Format Version 12.00
# Visual Studio 2012
Project("{FAE04EC0-301F-11D3-BF4B-00C04F79EFBC}") = "Test", "Test.csproj", "{C5C993E2-8FFC-44DA-A2FB-DE1F0348EB72}"
EndProject
Project("{FAE04EC0-301F-11D3-BF4B-00C04F79EFBC}") = "Wall-E", "..\GeoWall-E\Wall-E.csproj", "{CF3DEB9C-EE7B-431E-9788-C8299EA73037}"
EndProject
Global
	GlobalSection(SolutionConfigurationPlatforms) = preSolution
		Debug|Any CPU = Debug|Any CPU
		ExportDebug|Any CPU = ExportDebug|Any CPU
		ExportRelease|Any CPU = ExportRelease|Any CPU
	EndGlobalSection
	GlobalSection(ProjectConfigurationPlatforms) = postSolution
		{C5C993E2-8FFC-44DA-A2FB-DE1F0348EB72}.Debug|Any CPU.ActiveCfg = Debug|Any CPU
		{C5C993E2-8FFC-44DA-A2FB-DE1F0348EB72}.Debug|Any CPU.Build.0 = Debug|Any CPU
		{C5C993E2-8FFC-44DA-A2FB-DE1F0348EB72}.ExportDebug|Any CPU.ActiveCfg = ExportDebug|Any CPU
		{C5C993E2-8FFC-44DA-A2FB-DE1F0348EB72}.ExportDebug|Any CPU.Build.0 = ExportDebug|Any CPU
		{C5C993E2-8FFC-44DA-A2FB-DE1F0348EB72}.ExportRelease|Any CPU.ActiveCfg = ExportRelease|Any CPU
		{C5C993E2-8FFC-44DA-A2FB-DE1F0348EB72}.ExportRelease|Any CPU.Build.0 = ExportRelease|Any CPU
		{CF3DEB9C-EE7B-431E-9788-C8299EA73037}.Debug|Any CPU.ActiveCfg = Debug|Any CPU
		{CF3DEB9C-EE7B-431E-9788-C8299EA73037}.Debug|Any CPU.Build.0 = Debug|Any CPU
		{CF3DEB9C-EE7B-431E-9788-C8299EA73037}.ExportDebug|Any CPU.ActiveCfg = Debug|Any CPU
		{CF3DEB9C-EE7B-431E-9788-C8299EA73037}.ExportDebug|Any CPU.Build.0 = Debug|Any CPU
		{CF3DEB9C-EE7B-431E-9788-C8299EA73037}.ExportRelease|Any CPU.ActiveCfg = Debug|Any CPU
		{CF3DEB9C-EE7B-431E-9788-C8299EA73037}.ExportRelease|Any CPU.Build.0 = Debug|Any CPU
	EndGlobalSection
EndGlobal
